// !$*UTF8*$!
{
	archiveVersion = 1;
	classes = {
	};
	objectVersion = 46;
	objects = {

/* Begin PBXBuildFile section */
		8CDEFBAC1E964A1A00FEADF0 /* AppDelegate.swift in Sources */ = {isa = PBXBuildFile; fileRef = 8CDEFBAB1E964A1A00FEADF0 /* AppDelegate.swift */; };
		8CDEFBAE1E964A1A00FEADF0 /* ViewController.swift in Sources */ = {isa = PBXBuildFile; fileRef = 8CDEFBAD1E964A1A00FEADF0 /* ViewController.swift */; };
		8CDEFBB11E964A1A00FEADF0 /* Main.storyboard in Resources */ = {isa = PBXBuildFile; fileRef = 8CDEFBAF1E964A1A00FEADF0 /* Main.storyboard */; };
		8CDEFBB31E964A1A00FEADF0 /* Assets.xcassets in Resources */ = {isa = PBXBuildFile; fileRef = 8CDEFBB21E964A1A00FEADF0 /* Assets.xcassets */; };
		8CDEFBB61E964A1A00FEADF0 /* LaunchScreen.storyboard in Resources */ = {isa = PBXBuildFile; fileRef = 8CDEFBB41E964A1A00FEADF0 /* LaunchScreen.storyboard */; };
		C9F7CCC81B943C59535BCFE7 /* Pods_RxSwiftReplaySubjectExample.framework in Frameworks */ = {isa = PBXBuildFile; fileRef = C69759D356FC93CEC664F061 /* Pods_RxSwiftReplaySubjectExample.framework */; };
/* End PBXBuildFile section */

/* Begin PBXFileReference section */
		8CDEFBA81E964A1A00FEADF0 /* RxSwiftReplaySubjectExample.app */ = {isa = PBXFileReference; explicitFileType = wrapper.application; includeInIndex = 0; path = RxSwiftReplaySubjectExample.app; sourceTree = BUILT_PRODUCTS_DIR; };
		8CDEFBAB1E964A1A00FEADF0 /* AppDelegate.swift */ = {isa = PBXFileReference; lastKnownFileType = sourcecode.swift; path = AppDelegate.swift; sourceTree = "<group>"; };
		8CDEFBAD1E964A1A00FEADF0 /* ViewController.swift */ = {isa = PBXFileReference; lastKnownFileType = sourcecode.swift; path = ViewController.swift; sourceTree = "<group>"; };
		8CDEFBB01E964A1A00FEADF0 /* Base */ = {isa = PBXFileReference; lastKnownFileType = file.storyboard; name = Base; path = Base.lproj/Main.storyboard; sourceTree = "<group>"; };
		8CDEFBB21E964A1A00FEADF0 /* Assets.xcassets */ = {isa = PBXFileReference; lastKnownFileType = folder.assetcatalog; path = Assets.xcassets; sourceTree = "<group>"; };
		8CDEFBB51E964A1A00FEADF0 /* Base */ = {isa = PBXFileReference; lastKnownFileType = file.storyboard; name = Base; path = Base.lproj/LaunchScreen.storyboard; sourceTree = "<group>"; };
		8CDEFBB71E964A1A00FEADF0 /* Info.plist */ = {isa = PBXFileReference; lastKnownFileType = text.plist.xml; path = Info.plist; sourceTree = "<group>"; };
		C69759D356FC93CEC664F061 /* Pods_RxSwiftReplaySubjectExample.framework */ = {isa = PBXFileReference; explicitFileType = wrapper.framework; includeInIndex = 0; path = Pods_RxSwiftReplaySubjectExample.framework; sourceTree = BUILT_PRODUCTS_DIR; };
		DD1528FF63552FB5179CFAC0 /* Pods-RxSwiftReplaySubjectExample.release.xcconfig */ = {isa = PBXFileReference; includeInIndex = 1; lastKnownFileType = text.xcconfig; name = "Pods-RxSwiftReplaySubjectExample.release.xcconfig"; path = "Pods/Target Support Files/Pods-RxSwiftReplaySubjectExample/Pods-RxSwiftReplaySubjectExample.release.xcconfig"; sourceTree = "<group>"; };
		F9E1FF066C0784F83EFA131C /* Pods-RxSwiftReplaySubjectExample.debug.xcconfig */ = {isa = PBXFileReference; includeInIndex = 1; lastKnownFileType = text.xcconfig; name = "Pods-RxSwiftReplaySubjectExample.debug.xcconfig"; path = "Pods/Target Support Files/Pods-RxSwiftReplaySubjectExample/Pods-RxSwiftReplaySubjectExample.debug.xcconfig"; sourceTree = "<group>"; };
/* End PBXFileReference section */

/* Begin PBXFrameworksBuildPhase section */
		8CDEFBA51E964A1A00FEADF0 /* Frameworks */ = {
			isa = PBXFrameworksBuildPhase;
			buildActionMask = 2147483647;
			files = (
				C9F7CCC81B943C59535BCFE7 /* Pods_RxSwiftReplaySubjectExample.framework in Frameworks */,
			);
			runOnlyForDeploymentPostprocessing = 0;
		};
/* End PBXFrameworksBuildPhase section */

/* Begin PBXGroup section */
		35804B592B2A72A4901D9292 /* Frameworks */ = {
			isa = PBXGroup;
			children = (
				C69759D356FC93CEC664F061 /* Pods_RxSwiftReplaySubjectExample.framework */,
			);
			name = Frameworks;
			sourceTree = "<group>";
		};
		8CDEFB9F1E964A1A00FEADF0 = {
			isa = PBXGroup;
			children = (
				8CDEFBAA1E964A1A00FEADF0 /* RxSwiftReplaySubjectExample */,
				8CDEFBA91E964A1A00FEADF0 /* Products */,
				8DB22610954575A1A0BC829E /* Pods */,
				35804B592B2A72A4901D9292 /* Frameworks */,
			);
			sourceTree = "<group>";
		};
		8CDEFBA91E964A1A00FEADF0 /* Products */ = {
			isa = PBXGroup;
			children = (
				8CDEFBA81E964A1A00FEADF0 /* RxSwiftReplaySubjectExample.app */,
			);
			name = Products;
			sourceTree = "<group>";
		};
		8CDEFBAA1E964A1A00FEADF0 /* RxSwiftReplaySubjectExample */ = {
			isa = PBXGroup;
			children = (
				8CDEFBAB1E964A1A00FEADF0 /* AppDelegate.swift */,
				8CDEFBAD1E964A1A00FEADF0 /* ViewController.swift */,
				8CDEFBAF1E964A1A00FEADF0 /* Main.storyboard */,
				8CDEFBB21E964A1A00FEADF0 /* Assets.xcassets */,
				8CDEFBB41E964A1A00FEADF0 /* LaunchScreen.storyboard */,
				8CDEFBB71E964A1A00FEADF0 /* Info.plist */,
			);
			path = RxSwiftReplaySubjectExample;
			sourceTree = "<group>";
		};
		8DB22610954575A1A0BC829E /* Pods */ = {
			isa = PBXGroup;
			children = (
				F9E1FF066C0784F83EFA131C /* Pods-RxSwiftReplaySubjectExample.debug.xcconfig */,
				DD1528FF63552FB5179CFAC0 /* Pods-RxSwiftReplaySubjectExample.release.xcconfig */,
			);
			name = Pods;
			sourceTree = "<group>";
		};
/* End PBXGroup section */

/* Begin PBXNativeTarget section */
		8CDEFBA71E964A1A00FEADF0 /* RxSwiftReplaySubjectExample */ = {
			isa = PBXNativeTarget;
			buildConfigurationList = 8CDEFBBA1E964A1A00FEADF0 /* Build configuration list for PBXNativeTarget "RxSwiftReplaySubjectExample" */;
			buildPhases = (
				591BB2382844082DF338DE97 /* [CP] Check Pods Manifest.lock */,
				8CDEFBA41E964A1A00FEADF0 /* Sources */,
				8CDEFBA51E964A1A00FEADF0 /* Frameworks */,
				8CDEFBA61E964A1A00FEADF0 /* Resources */,
				DD8441664A8CFD33E2748F83 /* [CP] Embed Pods Frameworks */,
				90C46FADD87D8FB210187865 /* [CP] Copy Pods Resources */,
			);
			buildRules = (
			);
			dependencies = (
			);
			name = RxSwiftReplaySubjectExample;
			productName = RxSwiftReplaySubjectExample;
			productReference = 8CDEFBA81E964A1A00FEADF0 /* RxSwiftReplaySubjectExample.app */;
			productType = "com.apple.product-type.application";
		};
/* End PBXNativeTarget section */

/* Begin PBXProject section */
		8CDEFBA01E964A1A00FEADF0 /* Project object */ = {
			isa = PBXProject;
			attributes = {
				LastSwiftUpdateCheck = 0830;
				LastUpgradeCheck = 0830;
				ORGANIZATIONNAME = "Gabriel Cuesta Arza";
				TargetAttributes = {
					8CDEFBA71E964A1A00FEADF0 = {
						CreatedOnToolsVersion = 8.3;
						DevelopmentTeam = BG7EB8E7NF;
						ProvisioningStyle = Automatic;
					};
				};
			};
			buildConfigurationList = 8CDEFBA31E964A1A00FEADF0 /* Build configuration list for PBXProject "RxSwiftReplaySubjectExample" */;
			compatibilityVersion = "Xcode 3.2";
			developmentRegion = English;
			hasScannedForEncodings = 0;
			knownRegions = (
				en,
				Base,
			);
			mainGroup = 8CDEFB9F1E964A1A00FEADF0;
			productRefGroup = 8CDEFBA91E964A1A00FEADF0 /* Products */;
			projectDirPath = "";
			projectRoot = "";
			targets = (
				8CDEFBA71E964A1A00FEADF0 /* RxSwiftReplaySubjectExample */,
			);
		};
/* End PBXProject section */

/* Begin PBXResourcesBuildPhase section */
		8CDEFBA61E964A1A00FEADF0 /* Resources */ = {
			isa = PBXResourcesBuildPhase;
			buildActionMask = 2147483647;
			files = (
				8CDEFBB61E964A1A00FEADF0 /* LaunchScreen.storyboard in Resources */,
				8CDEFBB31E964A1A00FEADF0 /* Assets.xcassets in Resources */,
				8CDEFBB11E964A1A00FEADF0 /* Main.storyboard in Resources */,
			);
			runOnlyForDeploymentPostprocessing = 0;
		};
/* End PBXResourcesBuildPhase section */

/* Begin PBXShellScriptBuildPhase section */
		591BB2382844082DF338DE97 /* [CP] Check Pods Manifest.lock */ = {
			isa = PBXShellScriptBuildPhase;
			buildActionMask = 2147483647;
			files = (
			);
			inputPaths = (
			);
			name = "[CP] Check Pods Manifest.lock";
			outputPaths = (
			);
			runOnlyForDeploymentPostprocessing = 0;
			shellPath = /bin/sh;
			shellScript = "diff \"${PODS_ROOT}/../Podfile.lock\" \"${PODS_ROOT}/Manifest.lock\" > /dev/null\nif [ $? != 0 ] ; then\n    # print error to STDERR\n    echo \"error: The sandbox is not in sync with the Podfile.lock. Run 'pod install' or update your CocoaPods installation.\" >&2\n    exit 1\nfi\n";
			showEnvVarsInLog = 0;
		};
		90C46FADD87D8FB210187865 /* [CP] Copy Pods Resources */ = {
			isa = PBXShellScriptBuildPhase;
			buildActionMask = 2147483647;
			files = (
			);
			inputPaths = (
			);
			name = "[CP] Copy Pods Resources";
			outputPaths = (
			);
			runOnlyForDeploymentPostprocessing = 0;
			shellPath = /bin/sh;
			shellScript = "\"${SRCROOT}/Pods/Target Support Files/Pods-RxSwiftReplaySubjectExample/Pods-RxSwiftReplaySubjectExample-resources.sh\"\n";
			showEnvVarsInLog = 0;
		};
		DD8441664A8CFD33E2748F83 /* [CP] Embed Pods Frameworks */ = {
			isa = PBXShellScriptBuildPhase;
			buildActionMask = 2147483647;
			files = (
			);
			inputPaths = (
			);
			name = "[CP] Embed Pods Frameworks";
			outputPaths = (
			);
			runOnlyForDeploymentPostprocessing = 0;
			shellPath = /bin/sh;
			shellScript = "\"${SRCROOT}/Pods/Target Support Files/Pods-RxSwiftReplaySubjectExample/Pods-RxSwiftReplaySubjectExample-frameworks.sh\"\n";
			showEnvVarsInLog = 0;
		};
/* End PBXShellScriptBuildPhase section */

/* Begin PBXSourcesBuildPhase section */
		8CDEFBA41E964A1A00FEADF0 /* Sources */ = {
			isa = PBXSourcesBuildPhase;
			buildActionMask = 2147483647;
			files = (
				8CDEFBAE1E964A1A00FEADF0 /* ViewController.swift in Sources */,
				8CDEFBAC1E964A1A00FEADF0 /* AppDelegate.swift in Sources */,
			);
			runOnlyForDeploymentPostprocessing = 0;
		};
/* End PBXSourcesBuildPhase section */

/* Begin PBXVariantGroup section */
		8CDEFBAF1E964A1A00FEADF0 /* Main.storyboard */ = {
			isa = PBXVariantGroup;
			children = (
				8CDEFBB01E964A1A00FEADF0 /* Base */,
			);
			name = Main.storyboard;
			sourceTree = "<group>";
		};
		8CDEFBB41E964A1A00FEADF0 /* LaunchScreen.storyboard */ = {
			isa = PBXVariantGroup;
			children = (
				8CDEFBB51E964A1A00FEADF0 /* Base */,
			);
			name = LaunchScreen.storyboard;
			sourceTree = "<group>";
		};
/* End PBXVariantGroup section */

/* Begin XCBuildConfiguration section */
		8CDEFBB81E964A1A00FEADF0 /* Debug */ = {
			isa = XCBuildConfiguration;
			buildSettings = {
				ALWAYS_SEARCH_USER_PATHS = NO;
				CLANG_ANALYZER_NONNULL = YES;
				CLANG_ANALYZER_NUMBER_OBJECT_CONVERSION = YES_AGGRESSIVE;
				CLANG_CXX_LANGUAGE_STANDARD = "gnu++0x";
				CLANG_CXX_LIBRARY = "libc++";
				CLANG_ENABLE_MODULES = YES;
				CLANG_ENABLE_OBJC_ARC = YES;
				CLANG_WARN_BOOL_CONVERSION = YES;
				CLANG_WARN_CONSTANT_CONVERSION = YES;
				CLANG_WARN_DIRECT_OBJC_ISA_USAGE = YES_ERROR;
				CLANG_WARN_DOCUMENTATION_COMMENTS = YES;
				CLANG_WARN_EMPTY_BODY = YES;
				CLANG_WARN_ENUM_CONVERSION = YES;
				CLANG_WARN_INFINITE_RECURSION = YES;
				CLANG_WARN_INT_CONVERSION = YES;
				CLANG_WARN_OBJC_ROOT_CLASS = YES_ERROR;
				CLANG_WARN_SUSPICIOUS_MOVE = YES;
				CLANG_WARN_UNREACHABLE_CODE = YES;
				CLANG_WARN__DUPLICATE_METHOD_MATCH = YES;
				"CODE_SIGN_IDENTITY[sdk=iphoneos*]" = "iPhone Developer";
				COPY_PHASE_STRIP = NO;
				DEBUG_INFORMATION_FORMAT = dwarf;
				ENABLE_STRICT_OBJC_MSGSEND = YES;
				ENABLE_TESTABILITY = YES;
				GCC_C_LANGUAGE_STANDARD = gnu99;
				GCC_DYNAMIC_NO_PIC = NO;
				GCC_NO_COMMON_BLOCKS = YES;
				GCC_OPTIMIZATION_LEVEL = 0;
				GCC_PREPROCESSOR_DEFINITIONS = (
					"DEBUG=1",
					"$(inherited)",
				);
				GCC_WARN_64_TO_32_BIT_CONVERSION = YES;
				GCC_WARN_ABOUT_RETURN_TYPE = YES_ERROR;
				GCC_WARN_UNDECLARED_SELECTOR = YES;
				GCC_WARN_UNINITIALIZED_AUTOS = YES_AGGRESSIVE;
				GCC_WARN_UNUSED_FUNCTION = YES;
				GCC_WARN_UNUSED_VARIABLE = YES;
				IPHONEOS_DEPLOYMENT_TARGET = 10.3;
				MTL_ENABLE_DEBUG_INFO = YES;
				ONLY_ACTIVE_ARCH = YES;
				SDKROOT = iphoneos;
				SWIFT_ACTIVE_COMPILATION_CONDITIONS = DEBUG;
				SWIFT_OPTIMIZATION_LEVEL = "-Onone";
			};
			name = Debug;
		};
		8CDEFBB91E964A1A00FEADF0 /* Release */ = {
			isa = XCBuildConfiguration;
			buildSettings = {
				ALWAYS_SEARCH_USER_PATHS = NO;
				CLANG_ANALYZER_NONNULL = YES;
				CLANG_ANALYZER_NUMBER_OBJECT_CONVERSION = YES_AGGRESSIVE;
				CLANG_CXX_LANGUAGE_STANDARD = "gnu++0x";
				CLANG_CXX_LIBRARY = "libc++";
				CLANG_ENABLE_MODULES = YES;
				CLANG_ENABLE_OBJC_ARC = YES;
				CLANG_WARN_BOOL_CONVERSION = YES;
				CLANG_WARN_CONSTANT_CONVERSION = YES;
				CLANG_WARN_DIRECT_OBJC_ISA_USAGE = YES_ERROR;
				CLANG_WARN_DOCUMENTATION_COMMENTS = YES;
				CLANG_WARN_EMPTY_BODY = YES;
				CLANG_WARN_ENUM_CONVERSION = YES;
				CLANG_WARN_INFINITE_RECURSION = YES;
				CLANG_WARN_INT_CONVERSION = YES;
				CLANG_WARN_OBJC_ROOT_CLASS = YES_ERROR;
				CLANG_WARN_SUSPICIOUS_MOVE = YES;
				CLANG_WARN_UNREACHABLE_CODE = YES;
				CLANG_WARN__DUPLICATE_METHOD_MATCH = YES;
				"CODE_SIGN_IDENTITY[sdk=iphoneos*]" = "iPhone Developer";
				COPY_PHASE_STRIP = NO;
				DEBUG_INFORMATION_FORMAT = "dwarf-with-dsym";
				ENABLE_NS_ASSERTIONS = NO;
				ENABLE_STRICT_OBJC_MSGSEND = YES;
				GCC_C_LANGUAGE_STANDARD = gnu99;
				GCC_NO_COMMON_BLOCKS = YES;
				GCC_WARN_64_TO_32_BIT_CONVERSION = YES;
				GCC_WARN_ABOUT_RETURN_TYPE = YES_ERROR;
				GCC_WARN_UNDECLARED_SELECTOR = YES;
				GCC_WARN_UNINITIALIZED_AUTOS = YES_AGGRESSIVE;
				GCC_WARN_UNUSED_FUNCTION = YES;
				GCC_WARN_UNUSED_VARIABLE = YES;
				IPHONEOS_DEPLOYMENT_TARGET = 10.3;
				MTL_ENABLE_DEBUG_INFO = NO;
				SDKROOT = iphoneos;
				SWIFT_OPTIMIZATION_LEVEL = "-Owholemodule";
				VALIDATE_PRODUCT = YES;
			};
			name = Release;
		};
		8CDEFBBB1E964A1A00FEADF0 /* Debug */ = {
			isa = XCBuildConfiguration;
			baseConfigurationReference = F9E1FF066C0784F83EFA131C /* Pods-RxSwiftReplaySubjectExample.debug.xcconfig */;
			buildSettings = {
				ASSETCATALOG_COMPILER_APPICON_NAME = AppIcon;
				DEVELOPMENT_TEAM = BG7EB8E7NF;
				INFOPLIST_FILE = RxSwiftReplaySubjectExample/Info.plist;
				LD_RUNPATH_SEARCH_PATHS = "$(inherited) @executable_path/Frameworks";
				PRODUCT_BUNDLE_IDENTIFIER = com.gabrielcuesta.RxSwiftReplaySubjectExample;
				PRODUCT_NAME = "$(TARGET_NAME)";
				SWIFT_VERSION = 3.0;
			};
			name = Debug;
		};
		8CDEFBBC1E964A1A00FEADF0 /* Release */ = {
			isa = XCBuildConfiguration;
			baseConfigurationReference = DD1528FF63552FB5179CFAC0 /* Pods-RxSwiftReplaySubjectExample.release.xcconfig */;
			buildSettings = {
				ASSETCATALOG_COMPILER_APPICON_NAME = AppIcon;
				DEVELOPMENT_TEAM = BG7EB8E7NF;
				INFOPLIST_FILE = RxSwiftReplaySubjectExample/Info.plist;
				LD_RUNPATH_SEARCH_PATHS = "$(inherited) @executable_path/Frameworks";
				PRODUCT_BUNDLE_IDENTIFIER = com.gabrielcuesta.RxSwiftReplaySubjectExample;
				PRODUCT_NAME = "$(TARGET_NAME)";
				SWIFT_VERSION = 3.0;
			};
			name = Release;
		};
/* End XCBuildConfiguration section */

/* Begin XCConfigurationList section */
		8CDEFBA31E964A1A00FEADF0 /* Build configuration list for PBXProject "RxSwiftReplaySubjectExample" */ = {
			isa = XCConfigurationList;
			buildConfigurations = (
				8CDEFBB81E964A1A00FEADF0 /* Debug */,
				8CDEFBB91E964A1A00FEADF0 /* Release */,
			);
			defaultConfigurationIsVisible = 0;
			defaultConfigurationName = Release;
		};
		8CDEFBBA1E964A1A00FEADF0 /* Build configuration list for PBXNativeTarget "RxSwiftReplaySubjectExample" */ = {
			isa = XCConfigurationList;
			buildConfigurations = (
				8CDEFBBB1E964A1A00FEADF0 /* Debug */,
				8CDEFBBC1E964A1A00FEADF0 /* Release */,
			);
			defaultConfigurationIsVisible = 0;
		};
/* End XCConfigurationList section */
	};
	rootObject = 8CDEFBA01E964A1A00FEADF0 /* Project object */;
}
